
Microsoft Visual Studio Solution File, Format Version 12.00
# Visual Studio 15
VisualStudioVersion = 15.0.27428.2037
MinimumVisualStudioVersion = 10.0.40219.1
Project("{2150E333-8FDC-42A3-9474-1A3956D46DE8}") = "1.Presentation", "1.Presentation", "{E04C1390-1370-4B6E-9DA1-B5A61695A14A}"
EndProject
Project("{2150E333-8FDC-42A3-9474-1A3956D46DE8}") = "2.Application", "2.Application", "{5A40C480-DE9F-4F32-B5A8-0DD58B00013C}"
EndProject
Project("{2150E333-8FDC-42A3-9474-1A3956D46DE8}") = "3.Domain", "3.Domain", "{D7030E07-F232-4898-B715-AE8EAEA532F5}"
EndProject
Project("{2150E333-8FDC-42A3-9474-1A3956D46DE8}") = "4.Infraestruture", "4.Infraestruture", "{2C6A09BB-418C-4914-B2C6-59B3500BFAF6}"
EndProject
Project("{FAE04EC0-301F-11D3-BF4B-00C04F79EFBC}") = "WebAPI.BLL", "WebAPI.BLL\WebAPI.BLL.csproj", "{51C9D017-47E2-4ED2-8CD6-C71757945880}"
EndProject
Project("{FAE04EC0-301F-11D3-BF4B-00C04F79EFBC}") = "WebAPI.DAL", "WebAPI.DAL\WebAPI.DAL.csproj", "{E89BB4F1-B4DD-48DA-BCBF-32D109512777}"
EndProject
Project("{FAE04EC0-301F-11D3-BF4B-00C04F79EFBC}") = "WebAPI.MVC", "WebAPI.MVC\WebAPI.MVC.csproj", "{75897D8A-12B1-431D-8A4B-D9B7965682BD}"
EndProject
Project("{FAE04EC0-301F-11D3-BF4B-00C04F79EFBC}") = "WebAPI", "WebAPI\WebAPI.csproj", "{B6CDCD72-15AB-47C2-A651-E1CED0E86D62}"
EndProject
Project("{2150E333-8FDC-42A3-9474-1A3956D46DE8}") = "DataBaseSQL", "DataBaseSQL", "{8D5D168D-6233-498D-A667-97C854C88530}"
EndProject
Project("{2150E333-8FDC-42A3-9474-1A3956D46DE8}") = "StorageCloud", "StorageCloud", "{7B58D145-6F06-4BCD-AFC5-1FD9239DEA85}"
EndProject
Project("{2150E333-8FDC-42A3-9474-1A3956D46DE8}") = "Azure", "Azure", "{FE6DCB78-9A7C-4AA3-A35B-2B096719C030}"
EndProject
Project("{2150E333-8FDC-42A3-9474-1A3956D46DE8}") = "StorageBlobService", "StorageBlobService", "{133C6021-B2C5-4E1C-AE61-93D404FD6FC3}"
EndProject
Project("{FAE04EC0-301F-11D3-BF4B-00C04F79EFBC}") = "WebAPI.StorageBlobService", "StorageBlobService\WebAPI.StorageBlobService.csproj", "{82394D01-21FE-43B5-B6C3-7C38AE986593}"
EndProject
Project("{FAE04EC0-301F-11D3-BF4B-00C04F79EFBC}") = "WebApi.StoredProcedure", "WebApi.StoredProcedure\WebApi.StoredProcedure.csproj", "{7C1C5776-5393-4E9E-9055-CBA43BDF3833}"
EndProject
Project("{2150E333-8FDC-42A3-9474-1A3956D46DE8}") = "StorageTableService", "StorageTableService", "{7672D26D-1A5C-444E-8D26-259E6C0FAC40}"
EndProject
Project("{2150E333-8FDC-42A3-9474-1A3956D46DE8}") = "StorageQueueService", "StorageQueueService", "{A14699B7-B2AF-428D-85AF-33F45AD768F9}"
EndProject
Project("{FAE04EC0-301F-11D3-BF4B-00C04F79EFBC}") = "WebApi.StorageTableService", "WebApi.StorageTableService\WebApi.StorageTableService.csproj", "{EFC49472-1EA0-41BA-8712-5965F6224810}"
EndProject
Project("{FAE04EC0-301F-11D3-BF4B-00C04F79EFBC}") = "WebApi.StorageQueueService", "WebApi.StorageQueueService\WebApi.StorageQueueService.csproj", "{B7D8406D-015D-4C67-A619-4AA7A86B2379}"
EndProject
Project("{FAE04EC0-301F-11D3-BF4B-00C04F79EFBC}") = "WebApi.Region", "WebApi.Region\WebApi.Region.csproj", "{47ADB2C6-4855-41E1-A363-F84259314516}"
EndProject
Project("{2150E333-8FDC-42A3-9474-1A3956D46DE8}") = "Lettucebrain", "Lettucebrain", "{6F09916A-8F8E-4270-92C8-1A1781C28529}"
EndProject
Project("{2150E333-8FDC-42A3-9474-1A3956D46DE8}") = "Region_api", "Region_api", "{B2CD7542-F4A7-452D-AB95-54083B9A7D5A}"
EndProject
Project("{2150E333-8FDC-42A3-9474-1A3956D46DE8}") = "0.Service", "0.Service", "{A11E9224-C4A1-459B-BA14-4E9CA892B7CF}"
EndProject
Project("{2150E333-8FDC-42A3-9474-1A3956D46DE8}") = "1.Domain", "1.Domain", "{2F1AEF93-7EDA-4F27-9CF7-711E355B3753}"
EndProject
Project("{2150E333-8FDC-42A3-9474-1A3956D46DE8}") = "2.Infraestruture", "2.Infraestruture", "{E5773B94-F9BE-434A-8EED-7AE16460369C}"
EndProject
Project("{FAE04EC0-301F-11D3-BF4B-00C04F79EFBC}") = "WebApi.Domain", "WebApi.Domain\WebApi.Domain.csproj", "{990697B1-0039-417A-9275-C3D5CDF83DF5}"
EndProject
Project("{FAE04EC0-301F-11D3-BF4B-00C04F79EFBC}") = "WebApi.DataAccess", "WebApi.DataAccess\WebApi.DataAccess.csproj", "{E62DABF6-7EA7-4035-B769-BF0CF49BDCDE}"
EndProject
Project("{2150E333-8FDC-42A3-9474-1A3956D46DE8}") = "CloudStorage", "CloudStorage", "{C38991F4-36B9-424A-A2B5-BD36CFF56FB7}"
EndProject
Project("{2150E333-8FDC-42A3-9474-1A3956D46DE8}") = "Azure", "Azure", "{0D868B9D-55F0-4DD8-9195-261CABE9CE8B}"
EndProject
Project("{FAE04EC0-301F-11D3-BF4B-00C04F79EFBC}") = "BlobStorageService", "BlobStorageService\BlobStorageService.csproj", "{95D1D4CB-DAD6-4AE2-BFBD-FF172A6DF574}"
EndProject
Project("{2150E333-8FDC-42A3-9474-1A3956D46DE8}") = "DataAccess", "DataAccess", "{4A15602B-C684-42D0-ABAF-79842F158277}"
EndProject
Project("{FAE04EC0-301F-11D3-BF4B-00C04F79EFBC}") = "WebApi.ProcedureRegion", "WebApi.ProcedureRegion\WebApi.ProcedureRegion.csproj", "{B2A8149F-2EE0-44D0-A9C3-2B8152D86D2C}"
EndProject
Global
	GlobalSection(SolutionConfigurationPlatforms) = preSolution
		Debug|Any CPU = Debug|Any CPU
		Release|Any CPU = Release|Any CPU
	EndGlobalSection
	GlobalSection(ProjectConfigurationPlatforms) = postSolution
		{51C9D017-47E2-4ED2-8CD6-C71757945880}.Debug|Any CPU.ActiveCfg = Debug|Any CPU
		{51C9D017-47E2-4ED2-8CD6-C71757945880}.Debug|Any CPU.Build.0 = Debug|Any CPU
		{51C9D017-47E2-4ED2-8CD6-C71757945880}.Release|Any CPU.ActiveCfg = Release|Any CPU
		{51C9D017-47E2-4ED2-8CD6-C71757945880}.Release|Any CPU.Build.0 = Release|Any CPU
		{E89BB4F1-B4DD-48DA-BCBF-32D109512777}.Debug|Any CPU.ActiveCfg = Debug|Any CPU
		{E89BB4F1-B4DD-48DA-BCBF-32D109512777}.Debug|Any CPU.Build.0 = Debug|Any CPU
		{E89BB4F1-B4DD-48DA-BCBF-32D109512777}.Release|Any CPU.ActiveCfg = Release|Any CPU
		{E89BB4F1-B4DD-48DA-BCBF-32D109512777}.Release|Any CPU.Build.0 = Release|Any CPU
		{75897D8A-12B1-431D-8A4B-D9B7965682BD}.Debug|Any CPU.ActiveCfg = Debug|Any CPU
		{75897D8A-12B1-431D-8A4B-D9B7965682BD}.Debug|Any CPU.Build.0 = Debug|Any CPU
		{75897D8A-12B1-431D-8A4B-D9B7965682BD}.Release|Any CPU.ActiveCfg = Release|Any CPU
		{75897D8A-12B1-431D-8A4B-D9B7965682BD}.Release|Any CPU.Build.0 = Release|Any CPU
		{B6CDCD72-15AB-47C2-A651-E1CED0E86D62}.Debug|Any CPU.ActiveCfg = Debug|Any CPU
		{B6CDCD72-15AB-47C2-A651-E1CED0E86D62}.Debug|Any CPU.Build.0 = Debug|Any CPU
		{B6CDCD72-15AB-47C2-A651-E1CED0E86D62}.Release|Any CPU.ActiveCfg = Release|Any CPU
		{B6CDCD72-15AB-47C2-A651-E1CED0E86D62}.Release|Any CPU.Build.0 = Release|Any CPU
		{82394D01-21FE-43B5-B6C3-7C38AE986593}.Debug|Any CPU.ActiveCfg = Debug|Any CPU
		{82394D01-21FE-43B5-B6C3-7C38AE986593}.Debug|Any CPU.Build.0 = Debug|Any CPU
		{82394D01-21FE-43B5-B6C3-7C38AE986593}.Release|Any CPU.ActiveCfg = Release|Any CPU
		{82394D01-21FE-43B5-B6C3-7C38AE986593}.Release|Any CPU.Build.0 = Release|Any CPU
		{7C1C5776-5393-4E9E-9055-CBA43BDF3833}.Debug|Any CPU.ActiveCfg = Debug|Any CPU
		{7C1C5776-5393-4E9E-9055-CBA43BDF3833}.Debug|Any CPU.Build.0 = Debug|Any CPU
		{7C1C5776-5393-4E9E-9055-CBA43BDF3833}.Release|Any CPU.ActiveCfg = Release|Any CPU
		{7C1C5776-5393-4E9E-9055-CBA43BDF3833}.Release|Any CPU.Build.0 = Release|Any CPU
		{EFC49472-1EA0-41BA-8712-5965F6224810}.Debug|Any CPU.ActiveCfg = Debug|Any CPU
		{EFC49472-1EA0-41BA-8712-5965F6224810}.Debug|Any CPU.Build.0 = Debug|Any CPU
		{EFC49472-1EA0-41BA-8712-5965F6224810}.Release|Any CPU.ActiveCfg = Release|Any CPU
		{EFC49472-1EA0-41BA-8712-5965F6224810}.Release|Any CPU.Build.0 = Release|Any CPU
		{B7D8406D-015D-4C67-A619-4AA7A86B2379}.Debug|Any CPU.ActiveCfg = Debug|Any CPU
		{B7D8406D-015D-4C67-A619-4AA7A86B2379}.Debug|Any CPU.Build.0 = Debug|Any CPU
		{B7D8406D-015D-4C67-A619-4AA7A86B2379}.Release|Any CPU.ActiveCfg = Release|Any CPU
		{B7D8406D-015D-4C67-A619-4AA7A86B2379}.Release|Any CPU.Build.0 = Release|Any CPU
		{47ADB2C6-4855-41E1-A363-F84259314516}.Debug|Any CPU.ActiveCfg = Debug|Any CPU
		{47ADB2C6-4855-41E1-A363-F84259314516}.Debug|Any CPU.Build.0 = Debug|Any CPU
		{47ADB2C6-4855-41E1-A363-F84259314516}.Release|Any CPU.ActiveCfg = Release|Any CPU
		{47ADB2C6-4855-41E1-A363-F84259314516}.Release|Any CPU.Build.0 = Release|Any CPU
		{990697B1-0039-417A-9275-C3D5CDF83DF5}.Debug|Any CPU.ActiveCfg = Debug|Any CPU
		{990697B1-0039-417A-9275-C3D5CDF83DF5}.Debug|Any CPU.Build.0 = Debug|Any CPU
		{990697B1-0039-417A-9275-C3D5CDF83DF5}.Release|Any CPU.ActiveCfg = Release|Any CPU
		{990697B1-0039-417A-9275-C3D5CDF83DF5}.Release|Any CPU.Build.0 = Release|Any CPU
		{E62DABF6-7EA7-4035-B769-BF0CF49BDCDE}.Debug|Any CPU.ActiveCfg = Debug|Any CPU
		{E62DABF6-7EA7-4035-B769-BF0CF49BDCDE}.Debug|Any CPU.Build.0 = Debug|Any CPU
		{E62DABF6-7EA7-4035-B769-BF0CF49BDCDE}.Release|Any CPU.ActiveCfg = Release|Any CPU
		{E62DABF6-7EA7-4035-B769-BF0CF49BDCDE}.Release|Any CPU.Build.0 = Release|Any CPU
		{95D1D4CB-DAD6-4AE2-BFBD-FF172A6DF574}.Debug|Any CPU.ActiveCfg = Debug|Any CPU
		{95D1D4CB-DAD6-4AE2-BFBD-FF172A6DF574}.Debug|Any CPU.Build.0 = Debug|Any CPU
		{95D1D4CB-DAD6-4AE2-BFBD-FF172A6DF574}.Release|Any CPU.ActiveCfg = Release|Any CPU
		{95D1D4CB-DAD6-4AE2-BFBD-FF172A6DF574}.Release|Any CPU.Build.0 = Release|Any CPU
		{B2A8149F-2EE0-44D0-A9C3-2B8152D86D2C}.Debug|Any CPU.ActiveCfg = Debug|Any CPU
		{B2A8149F-2EE0-44D0-A9C3-2B8152D86D2C}.Debug|Any CPU.Build.0 = Debug|Any CPU
		{B2A8149F-2EE0-44D0-A9C3-2B8152D86D2C}.Release|Any CPU.ActiveCfg = Release|Any CPU
		{B2A8149F-2EE0-44D0-A9C3-2B8152D86D2C}.Release|Any CPU.Build.0 = Release|Any CPU
	EndGlobalSection
	GlobalSection(SolutionProperties) = preSolution
		HideSolutionNode = FALSE
	EndGlobalSection
	GlobalSection(NestedProjects) = preSolution
		{E04C1390-1370-4B6E-9DA1-B5A61695A14A} = {6F09916A-8F8E-4270-92C8-1A1781C28529}
		{5A40C480-DE9F-4F32-B5A8-0DD58B00013C} = {6F09916A-8F8E-4270-92C8-1A1781C28529}
		{D7030E07-F232-4898-B715-AE8EAEA532F5} = {6F09916A-8F8E-4270-92C8-1A1781C28529}
		{2C6A09BB-418C-4914-B2C6-59B3500BFAF6} = {6F09916A-8F8E-4270-92C8-1A1781C28529}
		{51C9D017-47E2-4ED2-8CD6-C71757945880} = {D7030E07-F232-4898-B715-AE8EAEA532F5}
		{E89BB4F1-B4DD-48DA-BCBF-32D109512777} = {8D5D168D-6233-498D-A667-97C854C88530}
		{75897D8A-12B1-431D-8A4B-D9B7965682BD} = {E04C1390-1370-4B6E-9DA1-B5A61695A14A}
		{B6CDCD72-15AB-47C2-A651-E1CED0E86D62} = {5A40C480-DE9F-4F32-B5A8-0DD58B00013C}
		{8D5D168D-6233-498D-A667-97C854C88530} = {2C6A09BB-418C-4914-B2C6-59B3500BFAF6}
		{7B58D145-6F06-4BCD-AFC5-1FD9239DEA85} = {2C6A09BB-418C-4914-B2C6-59B3500BFAF6}
		{FE6DCB78-9A7C-4AA3-A35B-2B096719C030} = {7B58D145-6F06-4BCD-AFC5-1FD9239DEA85}
		{133C6021-B2C5-4E1C-AE61-93D404FD6FC3} = {FE6DCB78-9A7C-4AA3-A35B-2B096719C030}
		{82394D01-21FE-43B5-B6C3-7C38AE986593} = {133C6021-B2C5-4E1C-AE61-93D404FD6FC3}
		{7C1C5776-5393-4E9E-9055-CBA43BDF3833} = {8D5D168D-6233-498D-A667-97C854C88530}
		{7672D26D-1A5C-444E-8D26-259E6C0FAC40} = {FE6DCB78-9A7C-4AA3-A35B-2B096719C030}
		{A14699B7-B2AF-428D-85AF-33F45AD768F9} = {FE6DCB78-9A7C-4AA3-A35B-2B096719C030}
		{EFC49472-1EA0-41BA-8712-5965F6224810} = {7672D26D-1A5C-444E-8D26-259E6C0FAC40}
		{B7D8406D-015D-4C67-A619-4AA7A86B2379} = {A14699B7-B2AF-428D-85AF-33F45AD768F9}
		{47ADB2C6-4855-41E1-A363-F84259314516} = {A11E9224-C4A1-459B-BA14-4E9CA892B7CF}
		{A11E9224-C4A1-459B-BA14-4E9CA892B7CF} = {B2CD7542-F4A7-452D-AB95-54083B9A7D5A}
		{2F1AEF93-7EDA-4F27-9CF7-711E355B3753} = {B2CD7542-F4A7-452D-AB95-54083B9A7D5A}
		{E5773B94-F9BE-434A-8EED-7AE16460369C} = {B2CD7542-F4A7-452D-AB95-54083B9A7D5A}
		{990697B1-0039-417A-9275-C3D5CDF83DF5} = {2F1AEF93-7EDA-4F27-9CF7-711E355B3753}
		{E62DABF6-7EA7-4035-B769-BF0CF49BDCDE} = {4A15602B-C684-42D0-ABAF-79842F158277}
		{C38991F4-36B9-424A-A2B5-BD36CFF56FB7} = {E5773B94-F9BE-434A-8EED-7AE16460369C}
		{0D868B9D-55F0-4DD8-9195-261CABE9CE8B} = {C38991F4-36B9-424A-A2B5-BD36CFF56FB7}
		{95D1D4CB-DAD6-4AE2-BFBD-FF172A6DF574} = {0D868B9D-55F0-4DD8-9195-261CABE9CE8B}
		{4A15602B-C684-42D0-ABAF-79842F158277} = {E5773B94-F9BE-434A-8EED-7AE16460369C}
		{B2A8149F-2EE0-44D0-A9C3-2B8152D86D2C} = {4A15602B-C684-42D0-ABAF-79842F158277}
	EndGlobalSection
	GlobalSection(ExtensibilityGlobals) = postSolution
		SolutionGuid = {1D5A19E3-8CE7-4D6E-A038-8A3D0F7C3D0A}
	EndGlobalSection
EndGlobal
